// !$*UTF8*$!
{
	archiveVersion = 1;
	classes = {
	};
	objectVersion = 46;
	objects = {

/* Begin PBXBuildFile section */
		16A215CA45F4D4F7B1C9CADD /* Pods_CPSL_FlightScheduleTests.framework in Frameworks */ = {isa = PBXBuildFile; fileRef = 8F1C6B9889B89EA603AC9330 /* Pods_CPSL_FlightScheduleTests.framework */; };
		48F47996A7E0D48A5AD7355A /* Pods_CPSL_FlightScheduleUITests.framework in Frameworks */ = {isa = PBXBuildFile; fileRef = AB55BEDD8155FAF65CE6680F /* Pods_CPSL_FlightScheduleUITests.framework */; };
		869BE331BBD6C43E06C42AD2 /* Pods_CPSL_FlightSchedule.framework in Frameworks */ = {isa = PBXBuildFile; fileRef = F476750E4A5D639004415D8C /* Pods_CPSL_FlightSchedule.framework */; };
		C408A8E61EA45E09005BBE4F /* FlightScheduleViewController.swift in Sources */ = {isa = PBXBuildFile; fileRef = C408A8E51EA45E09005BBE4F /* FlightScheduleViewController.swift */; };
		C411BB941E9E1C8C00A74CC9 /* AppDelegate.swift in Sources */ = {isa = PBXBuildFile; fileRef = C411BB931E9E1C8C00A74CC9 /* AppDelegate.swift */; };
		C411BB991E9E1C8C00A74CC9 /* Main.storyboard in Resources */ = {isa = PBXBuildFile; fileRef = C411BB971E9E1C8C00A74CC9 /* Main.storyboard */; };
		C411BB9C1E9E1C8C00A74CC9 /* CPSL_FlightSchedule.xcdatamodeld in Sources */ = {isa = PBXBuildFile; fileRef = C411BB9A1E9E1C8C00A74CC9 /* CPSL_FlightSchedule.xcdatamodeld */; };
		C411BBA11E9E1C8C00A74CC9 /* LaunchScreen.storyboard in Resources */ = {isa = PBXBuildFile; fileRef = C411BB9F1E9E1C8C00A74CC9 /* LaunchScreen.storyboard */; };
		C411BBAC1E9E1C8C00A74CC9 /* CPSL_FlightScheduleTests.swift in Sources */ = {isa = PBXBuildFile; fileRef = C411BBAB1E9E1C8C00A74CC9 /* CPSL_FlightScheduleTests.swift */; };
		C411BBB71E9E1C8C00A74CC9 /* CPSL_FlightScheduleUITests.swift in Sources */ = {isa = PBXBuildFile; fileRef = C411BBB61E9E1C8C00A74CC9 /* CPSL_FlightScheduleUITests.swift */; };
		C41ECC261E9E26D500080C50 /* MenuTableViewController.swift in Sources */ = {isa = PBXBuildFile; fileRef = C41ECC251E9E26D500080C50 /* MenuTableViewController.swift */; };
		C41ECC2E1E9E2A0700080C50 /* UIColor+RandomColor.swift in Sources */ = {isa = PBXBuildFile; fileRef = C41ECC2D1E9E2A0700080C50 /* UIColor+RandomColor.swift */; };
		C41ECC301E9F7DFC00080C50 /* Assets.xcassets in Resources */ = {isa = PBXBuildFile; fileRef = C41ECC2F1E9F7DFC00080C50 /* Assets.xcassets */; };
		C41ECC331E9F91BD00080C50 /* MainPageTableViewCell.swift in Sources */ = {isa = PBXBuildFile; fileRef = C41ECC311E9F91BD00080C50 /* MainPageTableViewCell.swift */; };
		C41ECC341E9F91BD00080C50 /* MainPageTableViewCell.xib in Resources */ = {isa = PBXBuildFile; fileRef = C41ECC321E9F91BD00080C50 /* MainPageTableViewCell.xib */; };
		C426C7C71EA6224600C1FDC5 /* SearchHistoryTableViewController.swift in Sources */ = {isa = PBXBuildFile; fileRef = C426C7C51EA6224600C1FDC5 /* SearchHistoryTableViewController.swift */; };
		C426C7CA1EA7651000C1FDC5 /* SearchTableViewCell.swift in Sources */ = {isa = PBXBuildFile; fileRef = C426C7C91EA7651000C1FDC5 /* SearchTableViewCell.swift */; };
		C44FE1A81EB08F9A00B8F8A7 /* Model.xcdatamodeld in Sources */ = {isa = PBXBuildFile; fileRef = C44FE1A61EB08F9A00B8F8A7 /* Model.xcdatamodeld */; };
		C44FE1AC1EB0A43D00B8F8A7 /* SearchResultViewController.swift in Sources */ = {isa = PBXBuildFile; fileRef = C44FE1AB1EB0A43D00B8F8A7 /* SearchResultViewController.swift */; };
		C47E868B1EA88D4C009C968D /* FlightResultTableViewCell.swift in Sources */ = {isa = PBXBuildFile; fileRef = C47E868A1EA88D4C009C968D /* FlightResultTableViewCell.swift */; };
		C4F9F94F1EACC00F00212809 /* InAppWebViewController.swift in Sources */ = {isa = PBXBuildFile; fileRef = C4F9F94E1EACC00F00212809 /* InAppWebViewController.swift */; };
/* End PBXBuildFile section */

/* Begin PBXContainerItemProxy section */
		C411BBA81E9E1C8C00A74CC9 /* PBXContainerItemProxy */ = {
			isa = PBXContainerItemProxy;
			containerPortal = C411BB881E9E1C8C00A74CC9 /* Project object */;
			proxyType = 1;
			remoteGlobalIDString = C411BB8F1E9E1C8C00A74CC9;
			remoteInfo = CPSL_FlightSchedule;
		};
		C411BBB31E9E1C8C00A74CC9 /* PBXContainerItemProxy */ = {
			isa = PBXContainerItemProxy;
			containerPortal = C411BB881E9E1C8C00A74CC9 /* Project object */;
			proxyType = 1;
			remoteGlobalIDString = C411BB8F1E9E1C8C00A74CC9;
			remoteInfo = CPSL_FlightSchedule;
		};
/* End PBXContainerItemProxy section */

/* Begin PBXFileReference section */
		222440EB2D98AA177CBF99D9 /* Pods-CPSL_FlightScheduleTests.debug.xcconfig */ = {isa = PBXFileReference; includeInIndex = 1; lastKnownFileType = text.xcconfig; name = "Pods-CPSL_FlightScheduleTests.debug.xcconfig"; path = "Pods/Target Support Files/Pods-CPSL_FlightScheduleTests/Pods-CPSL_FlightScheduleTests.debug.xcconfig"; sourceTree = "<group>"; };
		405CF4FB251749AF45507FE7 /* Pods-CPSL_FlightScheduleTests.release.xcconfig */ = {isa = PBXFileReference; includeInIndex = 1; lastKnownFileType = text.xcconfig; name = "Pods-CPSL_FlightScheduleTests.release.xcconfig"; path = "Pods/Target Support Files/Pods-CPSL_FlightScheduleTests/Pods-CPSL_FlightScheduleTests.release.xcconfig"; sourceTree = "<group>"; };
		4C934B0D2A865D3D5EF23F61 /* Pods-CPSL_FlightSchedule.debug.xcconfig */ = {isa = PBXFileReference; includeInIndex = 1; lastKnownFileType = text.xcconfig; name = "Pods-CPSL_FlightSchedule.debug.xcconfig"; path = "Pods/Target Support Files/Pods-CPSL_FlightSchedule/Pods-CPSL_FlightSchedule.debug.xcconfig"; sourceTree = "<group>"; };
		5F5F59605740D800E16BC454 /* Pods-CPSL_FlightScheduleUITests.release.xcconfig */ = {isa = PBXFileReference; includeInIndex = 1; lastKnownFileType = text.xcconfig; name = "Pods-CPSL_FlightScheduleUITests.release.xcconfig"; path = "Pods/Target Support Files/Pods-CPSL_FlightScheduleUITests/Pods-CPSL_FlightScheduleUITests.release.xcconfig"; sourceTree = "<group>"; };
		633841DC778185A6C844DDEB /* Pods-CPSL_FlightScheduleUITests.debug.xcconfig */ = {isa = PBXFileReference; includeInIndex = 1; lastKnownFileType = text.xcconfig; name = "Pods-CPSL_FlightScheduleUITests.debug.xcconfig"; path = "Pods/Target Support Files/Pods-CPSL_FlightScheduleUITests/Pods-CPSL_FlightScheduleUITests.debug.xcconfig"; sourceTree = "<group>"; };
		6DFD7C550B43A6F319050D64 /* Pods-CPSL_FlightSchedule.release.xcconfig */ = {isa = PBXFileReference; includeInIndex = 1; lastKnownFileType = text.xcconfig; name = "Pods-CPSL_FlightSchedule.release.xcconfig"; path = "Pods/Target Support Files/Pods-CPSL_FlightSchedule/Pods-CPSL_FlightSchedule.release.xcconfig"; sourceTree = "<group>"; };
		8F1C6B9889B89EA603AC9330 /* Pods_CPSL_FlightScheduleTests.framework */ = {isa = PBXFileReference; explicitFileType = wrapper.framework; includeInIndex = 0; path = Pods_CPSL_FlightScheduleTests.framework; sourceTree = BUILT_PRODUCTS_DIR; };
		AB55BEDD8155FAF65CE6680F /* Pods_CPSL_FlightScheduleUITests.framework */ = {isa = PBXFileReference; explicitFileType = wrapper.framework; includeInIndex = 0; path = Pods_CPSL_FlightScheduleUITests.framework; sourceTree = BUILT_PRODUCTS_DIR; };
		C408A8E51EA45E09005BBE4F /* FlightScheduleViewController.swift */ = {isa = PBXFileReference; fileEncoding = 4; lastKnownFileType = sourcecode.swift; path = FlightScheduleViewController.swift; sourceTree = "<group>"; };
		C411BB901E9E1C8C00A74CC9 /* CPSL_FlightSchedule.app */ = {isa = PBXFileReference; explicitFileType = wrapper.application; includeInIndex = 0; path = CPSL_FlightSchedule.app; sourceTree = BUILT_PRODUCTS_DIR; };
		C411BB931E9E1C8C00A74CC9 /* AppDelegate.swift */ = {isa = PBXFileReference; lastKnownFileType = sourcecode.swift; path = AppDelegate.swift; sourceTree = "<group>"; };
		C411BB981E9E1C8C00A74CC9 /* Base */ = {isa = PBXFileReference; lastKnownFileType = file.storyboard; name = Base; path = Base.lproj/Main.storyboard; sourceTree = "<group>"; };
		C411BB9B1E9E1C8C00A74CC9 /* CPSL_FlightSchedule.xcdatamodel */ = {isa = PBXFileReference; lastKnownFileType = wrapper.xcdatamodel; path = CPSL_FlightSchedule.xcdatamodel; sourceTree = "<group>"; };
		C411BBA01E9E1C8C00A74CC9 /* Base */ = {isa = PBXFileReference; lastKnownFileType = file.storyboard; name = Base; path = Base.lproj/LaunchScreen.storyboard; sourceTree = "<group>"; };
		C411BBA21E9E1C8C00A74CC9 /* Info.plist */ = {isa = PBXFileReference; lastKnownFileType = text.plist.xml; path = Info.plist; sourceTree = "<group>"; };
		C411BBA71E9E1C8C00A74CC9 /* CPSL_FlightScheduleTests.xctest */ = {isa = PBXFileReference; explicitFileType = wrapper.cfbundle; includeInIndex = 0; path = CPSL_FlightScheduleTests.xctest; sourceTree = BUILT_PRODUCTS_DIR; };
		C411BBAB1E9E1C8C00A74CC9 /* CPSL_FlightScheduleTests.swift */ = {isa = PBXFileReference; lastKnownFileType = sourcecode.swift; path = CPSL_FlightScheduleTests.swift; sourceTree = "<group>"; };
		C411BBAD1E9E1C8C00A74CC9 /* Info.plist */ = {isa = PBXFileReference; lastKnownFileType = text.plist.xml; path = Info.plist; sourceTree = "<group>"; };
		C411BBB21E9E1C8C00A74CC9 /* CPSL_FlightScheduleUITests.xctest */ = {isa = PBXFileReference; explicitFileType = wrapper.cfbundle; includeInIndex = 0; path = CPSL_FlightScheduleUITests.xctest; sourceTree = BUILT_PRODUCTS_DIR; };
		C411BBB61E9E1C8C00A74CC9 /* CPSL_FlightScheduleUITests.swift */ = {isa = PBXFileReference; lastKnownFileType = sourcecode.swift; path = CPSL_FlightScheduleUITests.swift; sourceTree = "<group>"; };
		C411BBB81E9E1C8C00A74CC9 /* Info.plist */ = {isa = PBXFileReference; lastKnownFileType = text.plist.xml; path = Info.plist; sourceTree = "<group>"; };
		C41ECC251E9E26D500080C50 /* MenuTableViewController.swift */ = {isa = PBXFileReference; fileEncoding = 4; lastKnownFileType = sourcecode.swift; path = MenuTableViewController.swift; sourceTree = "<group>"; };
		C41ECC2D1E9E2A0700080C50 /* UIColor+RandomColor.swift */ = {isa = PBXFileReference; fileEncoding = 4; lastKnownFileType = sourcecode.swift; path = "UIColor+RandomColor.swift"; sourceTree = "<group>"; };
		C41ECC2F1E9F7DFC00080C50 /* Assets.xcassets */ = {isa = PBXFileReference; lastKnownFileType = folder.assetcatalog; path = Assets.xcassets; sourceTree = "<group>"; };
		C41ECC311E9F91BD00080C50 /* MainPageTableViewCell.swift */ = {isa = PBXFileReference; fileEncoding = 4; lastKnownFileType = sourcecode.swift; path = MainPageTableViewCell.swift; sourceTree = "<group>"; };
		C41ECC321E9F91BD00080C50 /* MainPageTableViewCell.xib */ = {isa = PBXFileReference; fileEncoding = 4; lastKnownFileType = file.xib; path = MainPageTableViewCell.xib; sourceTree = "<group>"; };
		C426C7C51EA6224600C1FDC5 /* SearchHistoryTableViewController.swift */ = {isa = PBXFileReference; fileEncoding = 4; lastKnownFileType = sourcecode.swift; path = SearchHistoryTableViewController.swift; sourceTree = "<group>"; };
		C426C7C91EA7651000C1FDC5 /* SearchTableViewCell.swift */ = {isa = PBXFileReference; fileEncoding = 4; lastKnownFileType = sourcecode.swift; path = SearchTableViewCell.swift; sourceTree = "<group>"; };
		C44FE1A71EB08F9A00B8F8A7 /* Model.xcdatamodel */ = {isa = PBXFileReference; lastKnownFileType = wrapper.xcdatamodel; path = Model.xcdatamodel; sourceTree = "<group>"; };
		C44FE1AB1EB0A43D00B8F8A7 /* SearchResultViewController.swift */ = {isa = PBXFileReference; fileEncoding = 4; lastKnownFileType = sourcecode.swift; path = SearchResultViewController.swift; sourceTree = "<group>"; };
		C47E868A1EA88D4C009C968D /* FlightResultTableViewCell.swift */ = {isa = PBXFileReference; fileEncoding = 4; lastKnownFileType = sourcecode.swift; path = FlightResultTableViewCell.swift; sourceTree = "<group>"; };
		C4F9F94E1EACC00F00212809 /* InAppWebViewController.swift */ = {isa = PBXFileReference; fileEncoding = 4; lastKnownFileType = sourcecode.swift; path = InAppWebViewController.swift; sourceTree = "<group>"; };
		F476750E4A5D639004415D8C /* Pods_CPSL_FlightSchedule.framework */ = {isa = PBXFileReference; explicitFileType = wrapper.framework; includeInIndex = 0; path = Pods_CPSL_FlightSchedule.framework; sourceTree = BUILT_PRODUCTS_DIR; };
/* End PBXFileReference section */

/* Begin PBXFrameworksBuildPhase section */
		C411BB8D1E9E1C8C00A74CC9 /* Frameworks */ = {
			isa = PBXFrameworksBuildPhase;
			buildActionMask = 2147483647;
			files = (
				869BE331BBD6C43E06C42AD2 /* Pods_CPSL_FlightSchedule.framework in Frameworks */,
			);
			runOnlyForDeploymentPostprocessing = 0;
		};
		C411BBA41E9E1C8C00A74CC9 /* Frameworks */ = {
			isa = PBXFrameworksBuildPhase;
			buildActionMask = 2147483647;
			files = (
				16A215CA45F4D4F7B1C9CADD /* Pods_CPSL_FlightScheduleTests.framework in Frameworks */,
			);
			runOnlyForDeploymentPostprocessing = 0;
		};
		C411BBAF1E9E1C8C00A74CC9 /* Frameworks */ = {
			isa = PBXFrameworksBuildPhase;
			buildActionMask = 2147483647;
			files = (
				48F47996A7E0D48A5AD7355A /* Pods_CPSL_FlightScheduleUITests.framework in Frameworks */,
			);
			runOnlyForDeploymentPostprocessing = 0;
		};
/* End PBXFrameworksBuildPhase section */

/* Begin PBXGroup section */
		A15628CCD5E762AC22059776 /* Frameworks */ = {
			isa = PBXGroup;
			children = (
				F476750E4A5D639004415D8C /* Pods_CPSL_FlightSchedule.framework */,
				8F1C6B9889B89EA603AC9330 /* Pods_CPSL_FlightScheduleTests.framework */,
				AB55BEDD8155FAF65CE6680F /* Pods_CPSL_FlightScheduleUITests.framework */,
			);
			name = Frameworks;
			sourceTree = "<group>";
		};
		BBEC24F35F74548AA799E1A6 /* Pods */ = {
			isa = PBXGroup;
			children = (
				4C934B0D2A865D3D5EF23F61 /* Pods-CPSL_FlightSchedule.debug.xcconfig */,
				6DFD7C550B43A6F319050D64 /* Pods-CPSL_FlightSchedule.release.xcconfig */,
				222440EB2D98AA177CBF99D9 /* Pods-CPSL_FlightScheduleTests.debug.xcconfig */,
				405CF4FB251749AF45507FE7 /* Pods-CPSL_FlightScheduleTests.release.xcconfig */,
				633841DC778185A6C844DDEB /* Pods-CPSL_FlightScheduleUITests.debug.xcconfig */,
				5F5F59605740D800E16BC454 /* Pods-CPSL_FlightScheduleUITests.release.xcconfig */,
			);
			name = Pods;
			sourceTree = "<group>";
		};
		C411BB871E9E1C8C00A74CC9 = {
			isa = PBXGroup;
			children = (
				C411BB921E9E1C8C00A74CC9 /* CPSL_FlightSchedule */,
				C411BBAA1E9E1C8C00A74CC9 /* CPSL_FlightScheduleTests */,
				C411BBB51E9E1C8C00A74CC9 /* CPSL_FlightScheduleUITests */,
				C411BB911E9E1C8C00A74CC9 /* Products */,
				BBEC24F35F74548AA799E1A6 /* Pods */,
				A15628CCD5E762AC22059776 /* Frameworks */,
			);
			sourceTree = "<group>";
		};
		C411BB911E9E1C8C00A74CC9 /* Products */ = {
			isa = PBXGroup;
			children = (
				C411BB901E9E1C8C00A74CC9 /* CPSL_FlightSchedule.app */,
				C411BBA71E9E1C8C00A74CC9 /* CPSL_FlightScheduleTests.xctest */,
				C411BBB21E9E1C8C00A74CC9 /* CPSL_FlightScheduleUITests.xctest */,
			);
			name = Products;
			sourceTree = "<group>";
		};
		C411BB921E9E1C8C00A74CC9 /* CPSL_FlightSchedule */ = {
			isa = PBXGroup;
			children = (
				C44FE1A61EB08F9A00B8F8A7 /* Model.xcdatamodeld */,
				C41ECC2C1E9E29D500080C50 /* Helper */,
				C44FE1A31EAF316200B8F8A7 /* Data */,
				C41ECC271E9E28FE00080C50 /* View */,
				C411BB931E9E1C8C00A74CC9 /* AppDelegate.swift */,
				C41ECC251E9E26D500080C50 /* MenuTableViewController.swift */,
				C41ECC2F1E9F7DFC00080C50 /* Assets.xcassets */,
				C411BB971E9E1C8C00A74CC9 /* Main.storyboard */,
				C411BB9F1E9E1C8C00A74CC9 /* LaunchScreen.storyboard */,
				C411BBA21E9E1C8C00A74CC9 /* Info.plist */,
				C411BB9A1E9E1C8C00A74CC9 /* CPSL_FlightSchedule.xcdatamodeld */,
			);
			path = CPSL_FlightSchedule;
			sourceTree = "<group>";
		};
		C411BBAA1E9E1C8C00A74CC9 /* CPSL_FlightScheduleTests */ = {
			isa = PBXGroup;
			children = (
				C411BBAB1E9E1C8C00A74CC9 /* CPSL_FlightScheduleTests.swift */,
				C411BBAD1E9E1C8C00A74CC9 /* Info.plist */,
			);
			path = CPSL_FlightScheduleTests;
			sourceTree = "<group>";
		};
		C411BBB51E9E1C8C00A74CC9 /* CPSL_FlightScheduleUITests */ = {
			isa = PBXGroup;
			children = (
				C411BBB61E9E1C8C00A74CC9 /* CPSL_FlightScheduleUITests.swift */,
				C411BBB81E9E1C8C00A74CC9 /* Info.plist */,
			);
			path = CPSL_FlightScheduleUITests;
			sourceTree = "<group>";
		};
		C41ECC271E9E28FE00080C50 /* View */ = {
			isa = PBXGroup;
			children = (
				C41ECC311E9F91BD00080C50 /* MainPageTableViewCell.swift */,
				C41ECC321E9F91BD00080C50 /* MainPageTableViewCell.xib */,
				C408A8E51EA45E09005BBE4F /* FlightScheduleViewController.swift */,
				C426C7C51EA6224600C1FDC5 /* SearchHistoryTableViewController.swift */,
				C44FE1AB1EB0A43D00B8F8A7 /* SearchResultViewController.swift */,
				C426C7C91EA7651000C1FDC5 /* SearchTableViewCell.swift */,
				C47E868A1EA88D4C009C968D /* FlightResultTableViewCell.swift */,
				C4F9F94E1EACC00F00212809 /* InAppWebViewController.swift */,
			);
			name = View;
			sourceTree = "<group>";
		};
		C41ECC2C1E9E29D500080C50 /* Helper */ = {
			isa = PBXGroup;
			children = (
				C41ECC2D1E9E2A0700080C50 /* UIColor+RandomColor.swift */,
			);
			name = Helper;
			sourceTree = "<group>";
		};
		C44FE1A31EAF316200B8F8A7 /* Data */ = {
			isa = PBXGroup;
			children = (
			);
			name = Data;
			sourceTree = "<group>";
		};
/* End PBXGroup section */

/* Begin PBXNativeTarget section */
		C411BB8F1E9E1C8C00A74CC9 /* CPSL_FlightSchedule */ = {
			isa = PBXNativeTarget;
			buildConfigurationList = C411BBBB1E9E1C8C00A74CC9 /* Build configuration list for PBXNativeTarget "CPSL_FlightSchedule" */;
			buildPhases = (
				EA112420FA75E5A754C9BAF9 /* [CP] Check Pods Manifest.lock */,
				C411BB8C1E9E1C8C00A74CC9 /* Sources */,
				C411BB8D1E9E1C8C00A74CC9 /* Frameworks */,
				C411BB8E1E9E1C8C00A74CC9 /* Resources */,
				6222AAA2EE3C97FEBA043132 /* [CP] Embed Pods Frameworks */,
				093EEC93BD0244219F7641A7 /* [CP] Copy Pods Resources */,
			);
			buildRules = (
			);
			dependencies = (
			);
			name = CPSL_FlightSchedule;
			productName = CPSL_FlightSchedule;
			productReference = C411BB901E9E1C8C00A74CC9 /* CPSL_FlightSchedule.app */;
			productType = "com.apple.product-type.application";
		};
		C411BBA61E9E1C8C00A74CC9 /* CPSL_FlightScheduleTests */ = {
			isa = PBXNativeTarget;
			buildConfigurationList = C411BBBE1E9E1C8C00A74CC9 /* Build configuration list for PBXNativeTarget "CPSL_FlightScheduleTests" */;
			buildPhases = (
				40C992637E1B0735C7F60BB5 /* [CP] Check Pods Manifest.lock */,
				C411BBA31E9E1C8C00A74CC9 /* Sources */,
				C411BBA41E9E1C8C00A74CC9 /* Frameworks */,
				C411BBA51E9E1C8C00A74CC9 /* Resources */,
				BF6AE4859D4C9A04D3388D00 /* [CP] Embed Pods Frameworks */,
				C1B279836E7A579334E1BDD3 /* [CP] Copy Pods Resources */,
			);
			buildRules = (
			);
			dependencies = (
				C411BBA91E9E1C8C00A74CC9 /* PBXTargetDependency */,
			);
			name = CPSL_FlightScheduleTests;
			productName = CPSL_FlightScheduleTests;
			productReference = C411BBA71E9E1C8C00A74CC9 /* CPSL_FlightScheduleTests.xctest */;
			productType = "com.apple.product-type.bundle.unit-test";
		};
		C411BBB11E9E1C8C00A74CC9 /* CPSL_FlightScheduleUITests */ = {
			isa = PBXNativeTarget;
			buildConfigurationList = C411BBC11E9E1C8C00A74CC9 /* Build configuration list for PBXNativeTarget "CPSL_FlightScheduleUITests" */;
			buildPhases = (
				F4EBDFB254177C610D5A2FD6 /* [CP] Check Pods Manifest.lock */,
				C411BBAE1E9E1C8C00A74CC9 /* Sources */,
				C411BBAF1E9E1C8C00A74CC9 /* Frameworks */,
				C411BBB01E9E1C8C00A74CC9 /* Resources */,
				1C77BC626257A4C44126F894 /* [CP] Embed Pods Frameworks */,
				3D21018D90A06FDED4C21C4B /* [CP] Copy Pods Resources */,
			);
			buildRules = (
			);
			dependencies = (
				C411BBB41E9E1C8C00A74CC9 /* PBXTargetDependency */,
			);
			name = CPSL_FlightScheduleUITests;
			productName = CPSL_FlightScheduleUITests;
			productReference = C411BBB21E9E1C8C00A74CC9 /* CPSL_FlightScheduleUITests.xctest */;
			productType = "com.apple.product-type.bundle.ui-testing";
		};
/* End PBXNativeTarget section */

/* Begin PBXProject section */
		C411BB881E9E1C8C00A74CC9 /* Project object */ = {
			isa = PBXProject;
			attributes = {
				LastSwiftUpdateCheck = 0830;
				LastUpgradeCheck = 0830;
				ORGANIZATIONNAME = "朱志明";
				TargetAttributes = {
					C411BB8F1E9E1C8C00A74CC9 = {
						CreatedOnToolsVersion = 8.3;
						DevelopmentTeam = 8F5445XB7B;
						ProvisioningStyle = Automatic;
					};
					C411BBA61E9E1C8C00A74CC9 = {
						CreatedOnToolsVersion = 8.3;
						DevelopmentTeam = 8F5445XB7B;
						ProvisioningStyle = Automatic;
						TestTargetID = C411BB8F1E9E1C8C00A74CC9;
					};
					C411BBB11E9E1C8C00A74CC9 = {
						CreatedOnToolsVersion = 8.3;
						DevelopmentTeam = 8F5445XB7B;
						ProvisioningStyle = Automatic;
						TestTargetID = C411BB8F1E9E1C8C00A74CC9;
					};
				};
			};
			buildConfigurationList = C411BB8B1E9E1C8C00A74CC9 /* Build configuration list for PBXProject "CPSL_FlightSchedule" */;
			compatibilityVersion = "Xcode 3.2";
			developmentRegion = English;
			hasScannedForEncodings = 0;
			knownRegions = (
				en,
				Base,
			);
			mainGroup = C411BB871E9E1C8C00A74CC9;
			productRefGroup = C411BB911E9E1C8C00A74CC9 /* Products */;
			projectDirPath = "";
			projectRoot = "";
			targets = (
				C411BB8F1E9E1C8C00A74CC9 /* CPSL_FlightSchedule */,
				C411BBA61E9E1C8C00A74CC9 /* CPSL_FlightScheduleTests */,
				C411BBB11E9E1C8C00A74CC9 /* CPSL_FlightScheduleUITests */,
			);
		};
/* End PBXProject section */

/* Begin PBXResourcesBuildPhase section */
		C411BB8E1E9E1C8C00A74CC9 /* Resources */ = {
			isa = PBXResourcesBuildPhase;
			buildActionMask = 2147483647;
			files = (
				C411BBA11E9E1C8C00A74CC9 /* LaunchScreen.storyboard in Resources */,
				C41ECC341E9F91BD00080C50 /* MainPageTableViewCell.xib in Resources */,
				C41ECC301E9F7DFC00080C50 /* Assets.xcassets in Resources */,
				C411BB991E9E1C8C00A74CC9 /* Main.storyboard in Resources */,
			);
			runOnlyForDeploymentPostprocessing = 0;
		};
		C411BBA51E9E1C8C00A74CC9 /* Resources */ = {
			isa = PBXResourcesBuildPhase;
			buildActionMask = 2147483647;
			files = (
			);
			runOnlyForDeploymentPostprocessing = 0;
		};
		C411BBB01E9E1C8C00A74CC9 /* Resources */ = {
			isa = PBXResourcesBuildPhase;
			buildActionMask = 2147483647;
			files = (
			);
			runOnlyForDeploymentPostprocessing = 0;
		};
/* End PBXResourcesBuildPhase section */

/* Begin PBXShellScriptBuildPhase section */
		093EEC93BD0244219F7641A7 /* [CP] Copy Pods Resources */ = {
			isa = PBXShellScriptBuildPhase;
			buildActionMask = 2147483647;
			files = (
			);
			inputPaths = (
			);
			name = "[CP] Copy Pods Resources";
			outputPaths = (
			);
			runOnlyForDeploymentPostprocessing = 0;
			shellPath = /bin/sh;
			shellScript = "\"${SRCROOT}/Pods/Target Support Files/Pods-CPSL_FlightSchedule/Pods-CPSL_FlightSchedule-resources.sh\"\n";
			showEnvVarsInLog = 0;
		};
		1C77BC626257A4C44126F894 /* [CP] Embed Pods Frameworks */ = {
			isa = PBXShellScriptBuildPhase;
			buildActionMask = 2147483647;
			files = (
			);
			inputPaths = (
			);
			name = "[CP] Embed Pods Frameworks";
			outputPaths = (
			);
			runOnlyForDeploymentPostprocessing = 0;
			shellPath = /bin/sh;
			shellScript = "\"${SRCROOT}/Pods/Target Support Files/Pods-CPSL_FlightScheduleUITests/Pods-CPSL_FlightScheduleUITests-frameworks.sh\"\n";
			showEnvVarsInLog = 0;
		};
		3D21018D90A06FDED4C21C4B /* [CP] Copy Pods Resources */ = {
			isa = PBXShellScriptBuildPhase;
			buildActionMask = 2147483647;
			files = (
			);
			inputPaths = (
			);
			name = "[CP] Copy Pods Resources";
			outputPaths = (
			);
			runOnlyForDeploymentPostprocessing = 0;
			shellPath = /bin/sh;
			shellScript = "\"${SRCROOT}/Pods/Target Support Files/Pods-CPSL_FlightScheduleUITests/Pods-CPSL_FlightScheduleUITests-resources.sh\"\n";
			showEnvVarsInLog = 0;
		};
		40C992637E1B0735C7F60BB5 /* [CP] Check Pods Manifest.lock */ = {
			isa = PBXShellScriptBuildPhase;
			buildActionMask = 2147483647;
			files = (
			);
			inputPaths = (
			);
			name = "[CP] Check Pods Manifest.lock";
			outputPaths = (
			);
			runOnlyForDeploymentPostprocessing = 0;
			shellPath = /bin/sh;
			shellScript = "diff \"${PODS_PODFILE_DIR_PATH}/Podfile.lock\" \"${PODS_ROOT}/Manifest.lock\" > /dev/null\nif [ $? != 0 ] ; then\n    # print error to STDERR\n    echo \"error: The sandbox is not in sync with the Podfile.lock. Run 'pod install' or update your CocoaPods installation.\" >&2\n    exit 1\nfi\n";
			showEnvVarsInLog = 0;
		};
		6222AAA2EE3C97FEBA043132 /* [CP] Embed Pods Frameworks */ = {
			isa = PBXShellScriptBuildPhase;
			buildActionMask = 2147483647;
			files = (
			);
			inputPaths = (
			);
			name = "[CP] Embed Pods Frameworks";
			outputPaths = (
			);
			runOnlyForDeploymentPostprocessing = 0;
			shellPath = /bin/sh;
			shellScript = "\"${SRCROOT}/Pods/Target Support Files/Pods-CPSL_FlightSchedule/Pods-CPSL_FlightSchedule-frameworks.sh\"\n";
			showEnvVarsInLog = 0;
		};
		BF6AE4859D4C9A04D3388D00 /* [CP] Embed Pods Frameworks */ = {
			isa = PBXShellScriptBuildPhase;
			buildActionMask = 2147483647;
			files = (
			);
			inputPaths = (
			);
			name = "[CP] Embed Pods Frameworks";
			outputPaths = (
			);
			runOnlyForDeploymentPostprocessing = 0;
			shellPath = /bin/sh;
			shellScript = "\"${SRCROOT}/Pods/Target Support Files/Pods-CPSL_FlightScheduleTests/Pods-CPSL_FlightScheduleTests-frameworks.sh\"\n";
			showEnvVarsInLog = 0;
		};
		C1B279836E7A579334E1BDD3 /* [CP] Copy Pods Resources */ = {
			isa = PBXShellScriptBuildPhase;
			buildActionMask = 2147483647;
			files = (
			);
			inputPaths = (
			);
			name = "[CP] Copy Pods Resources";
			outputPaths = (
			);
			runOnlyForDeploymentPostprocessing = 0;
			shellPath = /bin/sh;
			shellScript = "\"${SRCROOT}/Pods/Target Support Files/Pods-CPSL_FlightScheduleTests/Pods-CPSL_FlightScheduleTests-resources.sh\"\n";
			showEnvVarsInLog = 0;
		};
		EA112420FA75E5A754C9BAF9 /* [CP] Check Pods Manifest.lock */ = {
			isa = PBXShellScriptBuildPhase;
			buildActionMask = 2147483647;
			files = (
			);
			inputPaths = (
			);
			name = "[CP] Check Pods Manifest.lock";
			outputPaths = (
			);
			runOnlyForDeploymentPostprocessing = 0;
			shellPath = /bin/sh;
			shellScript = "diff \"${PODS_PODFILE_DIR_PATH}/Podfile.lock\" \"${PODS_ROOT}/Manifest.lock\" > /dev/null\nif [ $? != 0 ] ; then\n    # print error to STDERR\n    echo \"error: The sandbox is not in sync with the Podfile.lock. Run 'pod install' or update your CocoaPods installation.\" >&2\n    exit 1\nfi\n";
			showEnvVarsInLog = 0;
		};
		F4EBDFB254177C610D5A2FD6 /* [CP] Check Pods Manifest.lock */ = {
			isa = PBXShellScriptBuildPhase;
			buildActionMask = 2147483647;
			files = (
			);
			inputPaths = (
			);
			name = "[CP] Check Pods Manifest.lock";
			outputPaths = (
			);
			runOnlyForDeploymentPostprocessing = 0;
			shellPath = /bin/sh;
			shellScript = "diff \"${PODS_PODFILE_DIR_PATH}/Podfile.lock\" \"${PODS_ROOT}/Manifest.lock\" > /dev/null\nif [ $? != 0 ] ; then\n    # print error to STDERR\n    echo \"error: The sandbox is not in sync with the Podfile.lock. Run 'pod install' or update your CocoaPods installation.\" >&2\n    exit 1\nfi\n";
			showEnvVarsInLog = 0;
		};
/* End PBXShellScriptBuildPhase section */

/* Begin PBXSourcesBuildPhase section */
		C411BB8C1E9E1C8C00A74CC9 /* Sources */ = {
			isa = PBXSourcesBuildPhase;
			buildActionMask = 2147483647;
			files = (
				C408A8E61EA45E09005BBE4F /* FlightScheduleViewController.swift in Sources */,
				C426C7C71EA6224600C1FDC5 /* SearchHistoryTableViewController.swift in Sources */,
				C4F9F94F1EACC00F00212809 /* InAppWebViewController.swift in Sources */,
				C47E868B1EA88D4C009C968D /* FlightResultTableViewCell.swift in Sources */,
				C411BB941E9E1C8C00A74CC9 /* AppDelegate.swift in Sources */,
				C411BB9C1E9E1C8C00A74CC9 /* CPSL_FlightSchedule.xcdatamodeld in Sources */,
				C426C7CA1EA7651000C1FDC5 /* SearchTableViewCell.swift in Sources */,
				C44FE1AC1EB0A43D00B8F8A7 /* SearchResultViewController.swift in Sources */,
				C41ECC2E1E9E2A0700080C50 /* UIColor+RandomColor.swift in Sources */,
				C41ECC261E9E26D500080C50 /* MenuTableViewController.swift in Sources */,
				C41ECC331E9F91BD00080C50 /* MainPageTableViewCell.swift in Sources */,
				C44FE1A81EB08F9A00B8F8A7 /* Model.xcdatamodeld in Sources */,
			);
			runOnlyForDeploymentPostprocessing = 0;
		};
		C411BBA31E9E1C8C00A74CC9 /* Sources */ = {
			isa = PBXSourcesBuildPhase;
			buildActionMask = 2147483647;
			files = (
				C411BBAC1E9E1C8C00A74CC9 /* CPSL_FlightScheduleTests.swift in Sources */,
			);
			runOnlyForDeploymentPostprocessing = 0;
		};
		C411BBAE1E9E1C8C00A74CC9 /* Sources */ = {
			isa = PBXSourcesBuildPhase;
			buildActionMask = 2147483647;
			files = (
				C411BBB71E9E1C8C00A74CC9 /* CPSL_FlightScheduleUITests.swift in Sources */,
			);
			runOnlyForDeploymentPostprocessing = 0;
		};
/* End PBXSourcesBuildPhase section */

/* Begin PBXTargetDependency section */
		C411BBA91E9E1C8C00A74CC9 /* PBXTargetDependency */ = {
			isa = PBXTargetDependency;
			target = C411BB8F1E9E1C8C00A74CC9 /* CPSL_FlightSchedule */;
			targetProxy = C411BBA81E9E1C8C00A74CC9 /* PBXContainerItemProxy */;
		};
		C411BBB41E9E1C8C00A74CC9 /* PBXTargetDependency */ = {
			isa = PBXTargetDependency;
			target = C411BB8F1E9E1C8C00A74CC9 /* CPSL_FlightSchedule */;
			targetProxy = C411BBB31E9E1C8C00A74CC9 /* PBXContainerItemProxy */;
		};
/* End PBXTargetDependency section */

/* Begin PBXVariantGroup section */
		C411BB971E9E1C8C00A74CC9 /* Main.storyboard */ = {
			isa = PBXVariantGroup;
			children = (
				C411BB981E9E1C8C00A74CC9 /* Base */,
			);
			name = Main.storyboard;
			sourceTree = "<group>";
		};
		C411BB9F1E9E1C8C00A74CC9 /* LaunchScreen.storyboard */ = {
			isa = PBXVariantGroup;
			children = (
				C411BBA01E9E1C8C00A74CC9 /* Base */,
			);
			name = LaunchScreen.storyboard;
			sourceTree = "<group>";
		};
/* End PBXVariantGroup section */

/* Begin XCBuildConfiguration section */
		C411BBB91E9E1C8C00A74CC9 /* Debug */ = {
			isa = XCBuildConfiguration;
			buildSettings = {
				ALWAYS_SEARCH_USER_PATHS = NO;
				CLANG_ANALYZER_NONNULL = YES;
				CLANG_ANALYZER_NUMBER_OBJECT_CONVERSION = YES_AGGRESSIVE;
				CLANG_CXX_LANGUAGE_STANDARD = "gnu++0x";
				CLANG_CXX_LIBRARY = "libc++";
				CLANG_ENABLE_MODULES = YES;
				CLANG_ENABLE_OBJC_ARC = YES;
				CLANG_WARN_BOOL_CONVERSION = YES;
				CLANG_WARN_CONSTANT_CONVERSION = YES;
				CLANG_WARN_DIRECT_OBJC_ISA_USAGE = YES_ERROR;
				CLANG_WARN_DOCUMENTATION_COMMENTS = YES;
				CLANG_WARN_EMPTY_BODY = YES;
				CLANG_WARN_ENUM_CONVERSION = YES;
				CLANG_WARN_INFINITE_RECURSION = YES;
				CLANG_WARN_INT_CONVERSION = YES;
				CLANG_WARN_OBJC_ROOT_CLASS = YES_ERROR;
				CLANG_WARN_SUSPICIOUS_MOVE = YES;
				CLANG_WARN_UNREACHABLE_CODE = YES;
				CLANG_WARN__DUPLICATE_METHOD_MATCH = YES;
				"CODE_SIGN_IDENTITY[sdk=iphoneos*]" = "iPhone Developer";
				COPY_PHASE_STRIP = NO;
				DEBUG_INFORMATION_FORMAT = dwarf;
				ENABLE_STRICT_OBJC_MSGSEND = YES;
				ENABLE_TESTABILITY = YES;
				GCC_C_LANGUAGE_STANDARD = gnu99;
				GCC_DYNAMIC_NO_PIC = NO;
				GCC_NO_COMMON_BLOCKS = YES;
				GCC_OPTIMIZATION_LEVEL = 0;
				GCC_PREPROCESSOR_DEFINITIONS = (
					"DEBUG=1",
					"$(inherited)",
				);
				GCC_WARN_64_TO_32_BIT_CONVERSION = YES;
				GCC_WARN_ABOUT_RETURN_TYPE = YES_ERROR;
				GCC_WARN_UNDECLARED_SELECTOR = YES;
				GCC_WARN_UNINITIALIZED_AUTOS = YES_AGGRESSIVE;
				GCC_WARN_UNUSED_FUNCTION = YES;
				GCC_WARN_UNUSED_VARIABLE = YES;
				IPHONEOS_DEPLOYMENT_TARGET = 10.3;
				LIBRARY_SEARCH_PATHS = "";
				MTL_ENABLE_DEBUG_INFO = YES;
				ONLY_ACTIVE_ARCH = YES;
				OTHER_LDFLAGS = "";
				SDKROOT = iphoneos;
				SWIFT_ACTIVE_COMPILATION_CONDITIONS = DEBUG;
				SWIFT_OPTIMIZATION_LEVEL = "-Onone";
				TARGETED_DEVICE_FAMILY = "1,2";
			};
			name = Debug;
		};
		C411BBBA1E9E1C8C00A74CC9 /* Release */ = {
			isa = XCBuildConfiguration;
			buildSettings = {
				ALWAYS_SEARCH_USER_PATHS = NO;
				CLANG_ANALYZER_NONNULL = YES;
				CLANG_ANALYZER_NUMBER_OBJECT_CONVERSION = YES_AGGRESSIVE;
				CLANG_CXX_LANGUAGE_STANDARD = "gnu++0x";
				CLANG_CXX_LIBRARY = "libc++";
				CLANG_ENABLE_MODULES = YES;
				CLANG_ENABLE_OBJC_ARC = YES;
				CLANG_WARN_BOOL_CONVERSION = YES;
				CLANG_WARN_CONSTANT_CONVERSION = YES;
				CLANG_WARN_DIRECT_OBJC_ISA_USAGE = YES_ERROR;
				CLANG_WARN_DOCUMENTATION_COMMENTS = YES;
				CLANG_WARN_EMPTY_BODY = YES;
				CLANG_WARN_ENUM_CONVERSION = YES;
				CLANG_WARN_INFINITE_RECURSION = YES;
				CLANG_WARN_INT_CONVERSION = YES;
				CLANG_WARN_OBJC_ROOT_CLASS = YES_ERROR;
				CLANG_WARN_SUSPICIOUS_MOVE = YES;
				CLANG_WARN_UNREACHABLE_CODE = YES;
				CLANG_WARN__DUPLICATE_METHOD_MATCH = YES;
				"CODE_SIGN_IDENTITY[sdk=iphoneos*]" = "iPhone Developer";
				COPY_PHASE_STRIP = NO;
				DEBUG_INFORMATION_FORMAT = "dwarf-with-dsym";
				ENABLE_NS_ASSERTIONS = NO;
				ENABLE_STRICT_OBJC_MSGSEND = YES;
				GCC_C_LANGUAGE_STANDARD = gnu99;
				GCC_NO_COMMON_BLOCKS = YES;
				GCC_WARN_64_TO_32_BIT_CONVERSION = YES;
				GCC_WARN_ABOUT_RETURN_TYPE = YES_ERROR;
				GCC_WARN_UNDECLARED_SELECTOR = YES;
				GCC_WARN_UNINITIALIZED_AUTOS = YES_AGGRESSIVE;
				GCC_WARN_UNUSED_FUNCTION = YES;
				GCC_WARN_UNUSED_VARIABLE = YES;
				IPHONEOS_DEPLOYMENT_TARGET = 10.3;
				LIBRARY_SEARCH_PATHS = "";
				MTL_ENABLE_DEBUG_INFO = NO;
				OTHER_LDFLAGS = "";
				SDKROOT = iphoneos;
				SWIFT_OPTIMIZATION_LEVEL = "-Owholemodule";
				TARGETED_DEVICE_FAMILY = "1,2";
				VALIDATE_PRODUCT = YES;
			};
			name = Release;
		};
		C411BBBC1E9E1C8C00A74CC9 /* Debug */ = {
			isa = XCBuildConfiguration;
			baseConfigurationReference = 4C934B0D2A865D3D5EF23F61 /* Pods-CPSL_FlightSchedule.debug.xcconfig */;
			buildSettings = {
				ASSETCATALOG_COMPILER_APPICON_NAME = AppIcon;
				DEVELOPMENT_TEAM = 8F5445XB7B;
				INFOPLIST_FILE = CPSL_FlightSchedule/Info.plist;
				LD_RUNPATH_SEARCH_PATHS = "$(inherited) @executable_path/Frameworks";
				OTHER_LDFLAGS = "";
				PRODUCT_BUNDLE_IDENTIFIER = "com.mingcarsh.CPSL-FlightSchedule";
				PRODUCT_NAME = "$(TARGET_NAME)";
				SWIFT_VERSION = 3.0;
			};
			name = Debug;
		};
		C411BBBD1E9E1C8C00A74CC9 /* Release */ = {
			isa = XCBuildConfiguration;
			baseConfigurationReference = 6DFD7C550B43A6F319050D64 /* Pods-CPSL_FlightSchedule.release.xcconfig */;
			buildSettings = {
				ASSETCATALOG_COMPILER_APPICON_NAME = AppIcon;
				DEVELOPMENT_TEAM = 8F5445XB7B;
				INFOPLIST_FILE = CPSL_FlightSchedule/Info.plist;
				LD_RUNPATH_SEARCH_PATHS = "$(inherited) @executable_path/Frameworks";
				OTHER_LDFLAGS = "";
				PRODUCT_BUNDLE_IDENTIFIER = "com.mingcarsh.CPSL-FlightSchedule";
				PRODUCT_NAME = "$(TARGET_NAME)";
				SWIFT_VERSION = 3.0;
			};
			name = Release;
		};
		C411BBBF1E9E1C8C00A74CC9 /* Debug */ = {
			isa = XCBuildConfiguration;
			baseConfigurationReference = 222440EB2D98AA177CBF99D9 /* Pods-CPSL_FlightScheduleTests.debug.xcconfig */;
			buildSettings = {
				ALWAYS_EMBED_SWIFT_STANDARD_LIBRARIES = YES;
				BUNDLE_LOADER = "$(TEST_HOST)";
				DEVELOPMENT_TEAM = 8F5445XB7B;
				INFOPLIST_FILE = CPSL_FlightScheduleTests/Info.plist;
				LD_RUNPATH_SEARCH_PATHS = "$(inherited) @executable_path/Frameworks @loader_path/Frameworks";
				PRODUCT_BUNDLE_IDENTIFIER = "com.mingcarsh.CPSL-FlightScheduleTests";
				PRODUCT_NAME = "$(TARGET_NAME)";
				SWIFT_VERSION = 3.0;
				TEST_HOST = "$(BUILT_PRODUCTS_DIR)/CPSL_FlightSchedule.app/CPSL_FlightSchedule";
			};
			name = Debug;
		};
		C411BBC01E9E1C8C00A74CC9 /* Release */ = {
			isa = XCBuildConfiguration;
			baseConfigurationReference = 405CF4FB251749AF45507FE7 /* Pods-CPSL_FlightScheduleTests.release.xcconfig */;
			buildSettings = {
				ALWAYS_EMBED_SWIFT_STANDARD_LIBRARIES = YES;
				BUNDLE_LOADER = "$(TEST_HOST)";
				DEVELOPMENT_TEAM = 8F5445XB7B;
				INFOPLIST_FILE = CPSL_FlightScheduleTests/Info.plist;
				LD_RUNPATH_SEARCH_PATHS = "$(inherited) @executable_path/Frameworks @loader_path/Frameworks";
				PRODUCT_BUNDLE_IDENTIFIER = "com.mingcarsh.CPSL-FlightScheduleTests";
				PRODUCT_NAME = "$(TARGET_NAME)";
				SWIFT_VERSION = 3.0;
				TEST_HOST = "$(BUILT_PRODUCTS_DIR)/CPSL_FlightSchedule.app/CPSL_FlightSchedule";
			};
			name = Release;
		};
		C411BBC21E9E1C8C00A74CC9 /* Debug */ = {
			isa = XCBuildConfiguration;
			baseConfigurationReference = 633841DC778185A6C844DDEB /* Pods-CPSL_FlightScheduleUITests.debug.xcconfig */;
			buildSettings = {
				ALWAYS_EMBED_SWIFT_STANDARD_LIBRARIES = YES;
				DEVELOPMENT_TEAM = 8F5445XB7B;
				INFOPLIST_FILE = CPSL_FlightScheduleUITests/Info.plist;
				LD_RUNPATH_SEARCH_PATHS = "$(inherited) @executable_path/Frameworks @loader_path/Frameworks";
				PRODUCT_BUNDLE_IDENTIFIER = "com.mingcarsh.CPSL-FlightScheduleUITests";
				PRODUCT_NAME = "$(TARGET_NAME)";
				SWIFT_VERSION = 3.0;
				TEST_TARGET_NAME = CPSL_FlightSchedule;
			};
			name = Debug;
		};
		C411BBC31E9E1C8C00A74CC9 /* Release */ = {
			isa = XCBuildConfiguration;
			baseConfigurationReference = 5F5F59605740D800E16BC454 /* Pods-CPSL_FlightScheduleUITests.release.xcconfig */;
			buildSettings = {
				ALWAYS_EMBED_SWIFT_STANDARD_LIBRARIES = YES;
				DEVELOPMENT_TEAM = 8F5445XB7B;
				INFOPLIST_FILE = CPSL_FlightScheduleUITests/Info.plist;
				LD_RUNPATH_SEARCH_PATHS = "$(inherited) @executable_path/Frameworks @loader_path/Frameworks";
				PRODUCT_BUNDLE_IDENTIFIER = "com.mingcarsh.CPSL-FlightScheduleUITests";
				PRODUCT_NAME = "$(TARGET_NAME)";
				SWIFT_VERSION = 3.0;
				TEST_TARGET_NAME = CPSL_FlightSchedule;
			};
			name = Release;
		};
/* End XCBuildConfiguration section */

/* Begin XCConfigurationList section */
		C411BB8B1E9E1C8C00A74CC9 /* Build configuration list for PBXProject "CPSL_FlightSchedule" */ = {
			isa = XCConfigurationList;
			buildConfigurations = (
				C411BBB91E9E1C8C00A74CC9 /* Debug */,
				C411BBBA1E9E1C8C00A74CC9 /* Release */,
			);
			defaultConfigurationIsVisible = 0;
			defaultConfigurationName = Release;
		};
		C411BBBB1E9E1C8C00A74CC9 /* Build configuration list for PBXNativeTarget "CPSL_FlightSchedule" */ = {
			isa = XCConfigurationList;
			buildConfigurations = (
				C411BBBC1E9E1C8C00A74CC9 /* Debug */,
				C411BBBD1E9E1C8C00A74CC9 /* Release */,
			);
			defaultConfigurationIsVisible = 0;
			defaultConfigurationName = Release;
		};
		C411BBBE1E9E1C8C00A74CC9 /* Build configuration list for PBXNativeTarget "CPSL_FlightScheduleTests" */ = {
			isa = XCConfigurationList;
			buildConfigurations = (
				C411BBBF1E9E1C8C00A74CC9 /* Debug */,
				C411BBC01E9E1C8C00A74CC9 /* Release */,
			);
			defaultConfigurationIsVisible = 0;
			defaultConfigurationName = Release;
		};
		C411BBC11E9E1C8C00A74CC9 /* Build configuration list for PBXNativeTarget "CPSL_FlightScheduleUITests" */ = {
			isa = XCConfigurationList;
			buildConfigurations = (
				C411BBC21E9E1C8C00A74CC9 /* Debug */,
				C411BBC31E9E1C8C00A74CC9 /* Release */,
			);
			defaultConfigurationIsVisible = 0;
			defaultConfigurationName = Release;
		};
/* End XCConfigurationList section */

/* Begin XCVersionGroup section */
		C411BB9A1E9E1C8C00A74CC9 /* CPSL_FlightSchedule.xcdatamodeld */ = {
			isa = XCVersionGroup;
			children = (
				C411BB9B1E9E1C8C00A74CC9 /* CPSL_FlightSchedule.xcdatamodel */,
			);
			currentVersion = C411BB9B1E9E1C8C00A74CC9 /* CPSL_FlightSchedule.xcdatamodel */;
			path = CPSL_FlightSchedule.xcdatamodeld;
			sourceTree = "<group>";
			versionGroupType = wrapper.xcdatamodel;
		};
		C44FE1A61EB08F9A00B8F8A7 /* Model.xcdatamodeld */ = {
			isa = XCVersionGroup;
			children = (
				C44FE1A71EB08F9A00B8F8A7 /* Model.xcdatamodel */,
			);
			currentVersion = C44FE1A71EB08F9A00B8F8A7 /* Model.xcdatamodel */;
			name = Model.xcdatamodeld;
			path = ../Model.xcdatamodeld;
			sourceTree = "<group>";
			versionGroupType = wrapper.xcdatamodel;
		};
/* End XCVersionGroup section */
	};
	rootObject = C411BB881E9E1C8C00A74CC9 /* Project object */;
}
